Microsoft Visual Studio Solution File, Format Version 12.00
# Visual Studio 2012
Project("{FAE04EC0-301F-11D3-BF4B-00C04F79EFBC}") = "Tilebased Test", "Tilebased Test.csproj", "{030E5FF7-1D17-4503-8E67-1474197341BC}"
EndProject
Global
	GlobalSection(SolutionConfigurationPlatforms) = preSolution
	Debug|Any CPU = Debug|Any CPU
	Release|Any CPU = Release|Any CPU
	Tools|Any CPU = Tools|Any CPU
	EndGlobalSection
	GlobalSection(ProjectConfigurationPlatforms) = postSolution
		{030E5FF7-1D17-4503-8E67-1474197341BC}.Debug|Any CPU.ActiveCfg = Debug|Any CPU
		{030E5FF7-1D17-4503-8E67-1474197341BC}.Debug|Any CPU.Build.0 = Debug|Any CPU
		{030E5FF7-1D17-4503-8E67-1474197341BC}.Release|Any CPU.ActiveCfg = Release|Any CPU
		{030E5FF7-1D17-4503-8E67-1474197341BC}.Release|Any CPU.Build.0 = Release|Any CPU
		{030E5FF7-1D17-4503-8E67-1474197341BC}.Tools|Any CPU.ActiveCfg = Tools|Any CPU
		{030E5FF7-1D17-4503-8E67-1474197341BC}.Tools|Any CPU.Build.0 = Tools|Any CPU
	EndGlobalSection
EndGlobal
